
Microsoft Visual Studio Solution File, Format Version 12.00
# Visual Studio 15
Project("{FAE04EC0-301F-11D3-BF4B-00C04F79EFBC}") = "Assembly-CSharp", "Assembly-CSharp.csproj", "{2FEAB195-08F2-C3EF-2FAB-3D40096E7ACA}"
EndProject
Project("{FAE04EC0-301F-11D3-BF4B-00C04F79EFBC}") = "NavMeshPlusEditor", "NavMeshPlusEditor.csproj", "{801C7158-8E9C-D915-0583-5CFCD41DCFFB}"
EndProject
Project("{FAE04EC0-301F-11D3-BF4B-00C04F79EFBC}") = "NavMeshPlus", "NavMeshPlus.csproj", "{DA22589E-1405-EDDE-B36C-44030EAC9C24}"
EndProject
Global
	GlobalSection(SolutionConfigurationPlatforms) = preSolution
		Debug|Any CPU = Debug|Any CPU
		Release|Any CPU = Release|Any CPU
	EndGlobalSection
	GlobalSection(ProjectConfigurationPlatforms) = postSolution
		{2FEAB195-08F2-C3EF-2FAB-3D40096E7ACA}.Debug|Any CPU.ActiveCfg = Debug|Any CPU
		{2FEAB195-08F2-C3EF-2FAB-3D40096E7ACA}.Debug|Any CPU.Build.0 = Debug|Any CPU
		{2FEAB195-08F2-C3EF-2FAB-3D40096E7ACA}.Release|Any CPU.ActiveCfg = Release|Any CPU
		{2FEAB195-08F2-C3EF-2FAB-3D40096E7ACA}.Release|Any CPU.Build.0 = Release|Any CPU
		{801C7158-8E9C-D915-0583-5CFCD41DCFFB}.Debug|Any CPU.ActiveCfg = Debug|Any CPU
		{801C7158-8E9C-D915-0583-5CFCD41DCFFB}.Debug|Any CPU.Build.0 = Debug|Any CPU
		{801C7158-8E9C-D915-0583-5CFCD41DCFFB}.Release|Any CPU.ActiveCfg = Release|Any CPU
		{801C7158-8E9C-D915-0583-5CFCD41DCFFB}.Release|Any CPU.Build.0 = Release|Any CPU
		{DA22589E-1405-EDDE-B36C-44030EAC9C24}.Debug|Any CPU.ActiveCfg = Debug|Any CPU
		{DA22589E-1405-EDDE-B36C-44030EAC9C24}.Debug|Any CPU.Build.0 = Debug|Any CPU
		{DA22589E-1405-EDDE-B36C-44030EAC9C24}.Release|Any CPU.ActiveCfg = Release|Any CPU
		{DA22589E-1405-EDDE-B36C-44030EAC9C24}.Release|Any CPU.Build.0 = Release|Any CPU
	EndGlobalSection
	GlobalSection(SolutionProperties) = preSolution
		HideSolutionNode = FALSE
	EndGlobalSection
EndGlobal
